
Microsoft Visual Studio Solution File, Format Version 12.00
# Visual Studio Version 17
VisualStudioVersion = 17.1.31911.260
MinimumVisualStudioVersion = 10.0.40219.1
Project("{FAE04EC0-301F-11D3-BF4B-00C04F79EFBC}") = "TesteFullBar", "TesteFullBar\TesteFullBar.csproj", "{08DC759E-D899-4E50-B568-9FA068FA9801}"
EndProject
Global
	GlobalSection(SolutionConfigurationPlatforms) = preSolution
		Debug|Any CPU = Debug|Any CPU
		Release|Any CPU = Release|Any CPU
	EndGlobalSection
	GlobalSection(ProjectConfigurationPlatforms) = postSolution
		{08DC759E-D899-4E50-B568-9FA068FA9801}.Debug|Any CPU.ActiveCfg = Debug|Any CPU
		{08DC759E-D899-4E50-B568-9FA068FA9801}.Debug|Any CPU.Build.0 = Debug|Any CPU
		{08DC759E-D899-4E50-B568-9FA068FA9801}.Release|Any CPU.ActiveCfg = Release|Any CPU
		{08DC759E-D899-4E50-B568-9FA068FA9801}.Release|Any CPU.Build.0 = Release|Any CPU
	EndGlobalSection
	GlobalSection(SolutionProperties) = preSolution
		HideSolutionNode = FALSE
	EndGlobalSection
	GlobalSection(ExtensibilityGlobals) = postSolution
		SolutionGuid = {D0271DF8-D1E3-48F3-8926-ADA70C159B2D}
	EndGlobalSection
EndGlobal
